
Microsoft Visual Studio Solution File, Format Version 12.00
# Visual Studio Version 17
VisualStudioVersion = 17.9.34701.34
MinimumVisualStudioVersion = 10.0.40219.1
Project("{FAE04EC0-301F-11D3-BF4B-00C04F79EFBC}") = "StudentApp2", "StudentApp2\StudentApp2.csproj", "{73509571-B644-4381-81A5-CDDE62FE0119}"
EndProject
Global
	GlobalSection(SolutionConfigurationPlatforms) = preSolution
		Debug|Any CPU = Debug|Any CPU
		Release|Any CPU = Release|Any CPU
	EndGlobalSection
	GlobalSection(ProjectConfigurationPlatforms) = postSolution
		{73509571-B644-4381-81A5-CDDE62FE0119}.Debug|Any CPU.ActiveCfg = Debug|Any CPU
		{73509571-B644-4381-81A5-CDDE62FE0119}.Debug|Any CPU.Build.0 = Debug|Any CPU
		{73509571-B644-4381-81A5-CDDE62FE0119}.Release|Any CPU.ActiveCfg = Release|Any CPU
		{73509571-B644-4381-81A5-CDDE62FE0119}.Release|Any CPU.Build.0 = Release|Any CPU
	EndGlobalSection
	GlobalSection(SolutionProperties) = preSolution
		HideSolutionNode = FALSE
	EndGlobalSection
	GlobalSection(ExtensibilityGlobals) = postSolution
		SolutionGuid = {4C8A531D-D7D6-4544-8F7F-EB8AEA9E5276}
	EndGlobalSection
EndGlobal
